<?xml version="1.0" encoding="utf-8"?>
<Project ToolsVersion="4.0" xmlns="http://schemas.microsoft.com/developer/msbuild/2003">
  <ItemGroup>
    <Filter Include="Core">
      <UniqueIdentifier>{a95ce389-8825-46c7-9afb-b938478afd60}</UniqueIdentifier>
    </Filter>
    <Filter Include="Scenes">
      <UniqueIdentifier>{d02801fa-ee38-413a-a237-e0bf6ff8fb39}</UniqueIdentifier>
    </Filter>
    <Filter Include="Components">
      <UniqueIdentifier>{348dd608-be69-4932-903f-839844a3d664}</UniqueIdentifier>
    </Filter>
    <Filter Include="Prefabs">
      <UniqueIdentifier>{0db91f3a-73e1-47fd-8243-aa6bf99caf41}</UniqueIdentifier>
    </Filter>
    <Filter Include="Level">
      <UniqueIdentifier>{e264f172-d248-4585-80af-991f2c2cf552}</UniqueIdentifier>
    </Filter>
  </ItemGroup>
  <ItemGroup>
    <ClInclude Include="stdafx.h">
      <Filter>Core</Filter>
    </ClInclude>
    <ClInclude Include="targetver.h">
      <Filter>Core</Filter>
    </ClInclude>
    <ClInclude Include="MoonlightGame.h">
      <Filter>Core</Filter>
    </ClInclude>
    <ClInclude Include="BackgroundPrefab.h">
      <Filter>Prefabs</Filter>
    </ClInclude>
    <ClInclude Include="BulletPrefab.h">
      <Filter>Prefabs</Filter>
    </ClInclude>
    <ClInclude Include="CratePrefab.h">
      <Filter>Prefabs</Filter>
    </ClInclude>
    <ClInclude Include="DemoScene.h">
      <Filter>Scenes</Filter>
    </ClInclude>
    <ClInclude Include="ExplosionObject.h">
      <Filter>Prefabs</Filter>
    </ClInclude>
    <ClInclude Include="FlameSpellPrefab.h">
      <Filter>Prefabs</Filter>
    </ClInclude>
    <ClInclude Include="FloorPrefab.h">
      <Filter>Prefabs</Filter>
    </ClInclude>
    <ClInclude Include="HealthComponent.h">
      <Filter>Prefabs</Filter>
    </ClInclude>
    <ClInclude Include="HorizontalWallPrefab.h">
      <Filter>Prefabs</Filter>
    </ClInclude>
    <ClInclude Include="MainMenu.h">
      <Filter>Scenes</Filter>
    </ClInclude>
    <ClInclude Include="MoveControllerComponent.h">
      <Filter>Components</Filter>
    </ClInclude>
    <ClInclude Include="PlayButtonPrefab.h">
      <Filter>Prefabs</Filter>
    </ClInclude>
    <ClInclude Include="PlayerPrefab.h">
      <Filter>Prefabs</Filter>
    </ClInclude>
    <ClInclude Include="WallPrefab.h">
      <Filter>Prefabs</Filter>
    </ClInclude>
    <ClInclude Include="ZombiePrefab.h">
      <Filter>Prefabs</Filter>
    </ClInclude>
    <ClInclude Include="ZombieControllerComponent.h">
      <Filter>Components</Filter>
    </ClInclude>
    <ClInclude Include="SmokePrefab.h">
      <Filter>Prefabs</Filter>
    </ClInclude>
    <ClInclude Include="ChestPrefab.h">
      <Filter>Prefabs</Filter>
    </ClInclude>
    <ClInclude Include="CoinPrefab.h">
      <Filter>Prefabs</Filter>
    </ClInclude>
    <ClInclude Include="DungeonGenerator.h">
      <Filter>Level</Filter>
    </ClInclude>
    <ClInclude Include="GameplayManager.h">
      <Filter>Level</Filter>
    </ClInclude>
    <ClInclude Include="RoomGenerator.h">
      <Filter>Level</Filter>
    </ClInclude>
    <ClInclude Include="ContinueButtonPrefab.h">
      <Filter>Prefabs</Filter>
    </ClInclude>
    <ClInclude Include="MenuBackgroundPrefab.h">
      <Filter>Prefabs</Filter>
    </ClInclude>
    <ClInclude Include="SettingsButtonPrefab.h">
      <Filter>Prefabs</Filter>
    </ClInclude>
    <ClInclude Include="ShootingComponent.h">
      <Filter>Components</Filter>
    </ClInclude>
    <ClInclude Include="ShotgunComponent.h">
      <Filter>Components</Filter>
    </ClInclude>
    <ClInclude Include="PauseMenu.h">
      <Filter>Scenes</Filter>
    </ClInclude>
  </ItemGroup>
  <ItemGroup>
    <ClCompile Include="stdafx.cpp">
      <Filter>Core</Filter>
    </ClCompile>
    <ClCompile Include="main.cpp">
      <Filter>Core</Filter>
    </ClCompile>
    <ClCompile Include="MoonlightGame.cpp">
      <Filter>Core</Filter>
    </ClCompile>
    <ClCompile Include="BackgroundPrefab.cpp">
      <Filter>Prefabs</Filter>
    </ClCompile>
    <ClCompile Include="BulletPrefab.cpp">
      <Filter>Prefabs</Filter>
    </ClCompile>
    <ClCompile Include="CratePrefab.cpp">
      <Filter>Prefabs</Filter>
    </ClCompile>
    <ClCompile Include="DemoScene.cpp">
      <Filter>Scenes</Filter>
    </ClCompile>
    <ClCompile Include="ExplosionObject.cpp">
      <Filter>Prefabs</Filter>
    </ClCompile>
    <ClCompile Include="FlameSpellPrefab.cpp">
      <Filter>Prefabs</Filter>
    </ClCompile>
    <ClCompile Include="FloorPrefab.cpp">
      <Filter>Prefabs</Filter>
    </ClCompile>
    <ClCompile Include="HealthComponent.cpp">
      <Filter>Prefabs</Filter>
    </ClCompile>
    <ClCompile Include="HorizontalWallPrefab.cpp">
      <Filter>Prefabs</Filter>
    </ClCompile>
    <ClCompile Include="MainMenu.cpp">
      <Filter>Scenes</Filter>
    </ClCompile>
    <ClCompile Include="MoveControllerComponent.cpp">
      <Filter>Components</Filter>
    </ClCompile>
    <ClCompile Include="PlayButtonPrefab.cpp">
      <Filter>Prefabs</Filter>
    </ClCompile>
    <ClCompile Include="PlayerPrefab.cpp">
      <Filter>Prefabs</Filter>
    </ClCompile>
    <ClCompile Include="WallPrefab.cpp">
      <Filter>Prefabs</Filter>
    </ClCompile>
    <ClCompile Include="ZombiePrefab.cpp">
      <Filter>Prefabs</Filter>
    </ClCompile>
    <ClCompile Include="ZombieControllerComponent.cpp">
      <Filter>Components</Filter>
    </ClCompile>
    <ClCompile Include="SmokePrefab.cpp">
      <Filter>Prefabs</Filter>
    </ClCompile>
    <ClCompile Include="ChestPrefab.cpp">
      <Filter>Prefabs</Filter>
    </ClCompile>
    <ClCompile Include="CoinPrefab.cpp">
      <Filter>Prefabs</Filter>
    </ClCompile>
    <ClCompile Include="DungeonGenerator.cpp">
      <Filter>Level</Filter>
    </ClCompile>
    <ClCompile Include="GameplayManager.cpp">
      <Filter>Level</Filter>
    </ClCompile>
    <ClCompile Include="RoomGenerator.cpp">
      <Filter>Level</Filter>
    </ClCompile>
    <ClCompile Include="ContinueButtonPrefab.cpp">
      <Filter>Prefabs</Filter>
    </ClCompile>
    <ClCompile Include="MenuBackgroundPrefab.cpp">
      <Filter>Prefabs</Filter>
    </ClCompile>
    <ClCompile Include="SettingsButtonPrefab.cpp">
      <Filter>Prefabs</Filter>
    </ClCompile>
    <ClCompile Include="ShootingComponent.cpp">
      <Filter>Components</Filter>
    </ClCompile>
    <ClCompile Include="ShotgunComponent.cpp">
      <Filter>Components</Filter>
    </ClCompile>
    <ClCompile Include="PauseMenu.cpp">
      <Filter>Scenes</Filter>
    </ClCompile>
  </ItemGroup>
</Project>